{
  "name": "styled-system-basic-demo",
  "version": "5.0.0-7",
  "lockfileVersion": 1,
  "requires": true,
  "dependencies": {
    "@babel/code-frame": {
      "version": "7.10.4",
      "resolved": "https://registry.npmjs.org/@babel/code-frame/-/code-frame-7.10.4.tgz",
      "integrity": "sha512-vG6SvB6oYEhvgisZNFRmRCUkLz11c7rp+tbNTynGqc6mS1d5ATd/sGyV6W0KZZnXRKMTzZDRgQT3Ou9jhpAfUg==",
      "requires": {
        "@babel/highlight": "^7.10.4"
      }
    },
    "@babel/generator": {
      "version": "7.11.0",
      "resolved": "https://registry.npmjs.org/@babel/generator/-/generator-7.11.0.tgz",
      "integrity": "sha512-fEm3Uzw7Mc9Xi//qU20cBKatTfs2aOtKqmvy/Vm7RkJEGFQ4xc9myCfbXxqK//ZS8MR/ciOHw6meGASJuKmDfQ==",
      "requires": {
        "@babel/types": "^7.11.0",
        "jsesc": "^2.5.1",
        "source-map": "^0.5.0"
      }
    },
    "@babel/helper-annotate-as-pure": {
      "version": "7.10.4",
      "resolved": "https://registry.npmjs.org/@babel/helper-annotate-as-pure/-/helper-annotate-as-pure-7.10.4.tgz",
      "integrity": "sha512-XQlqKQP4vXFB7BN8fEEerrmYvHp3fK/rBkRFz9jaJbzK0B1DSfej9Kc7ZzE8Z/OnId1jpJdNAZ3BFQjWG68rcA==",
      "requires": {
        "@babel/types": "^7.10.4"
      }
    },
    "@babel/helper-function-name": {
      "version": "7.10.4",
      "resolved": "https://registry.npmjs.org/@babel/helper-function-name/-/helper-function-name-7.10.4.tgz",
      "integrity": "sha512-YdaSyz1n8gY44EmN7x44zBn9zQ1Ry2Y+3GTA+3vH6Mizke1Vw0aWDM66FOYEPw8//qKkmqOckrGgTYa+6sceqQ==",
      "requires": {
        "@babel/helper-get-function-arity": "^7.10.4",
        "@babel/template": "^7.10.4",
        "@babel/types": "^7.10.4"
      }
    },
    "@babel/helper-get-function-arity": {
      "version": "7.10.4",
      "resolved": "https://registry.npmjs.org/@babel/helper-get-function-arity/-/helper-get-function-arity-7.10.4.tgz",
      "integrity": "sha512-EkN3YDB+SRDgiIUnNgcmiD361ti+AVbL3f3Henf6dqqUyr5dMsorno0lJWJuLhDhkI5sYEpgj6y9kB8AOU1I2A==",
      "requires": {
        "@babel/types": "^7.10.4"
      }
    },
    "@babel/helper-module-imports": {
      "version": "7.10.4",
      "resolved": "https://registry.npmjs.org/@babel/helper-module-imports/-/helper-module-imports-7.10.4.tgz",
      "integrity": "sha512-nEQJHqYavI217oD9+s5MUBzk6x1IlvoS9WTPfgG43CbMEeStE0v+r+TucWdx8KFGowPGvyOkDT9+7DHedIDnVw==",
      "requires": {
        "@babel/types": "^7.10.4"
      }
    },
    "@babel/helper-split-export-declaration": {
      "version": "7.11.0",
      "resolved": "https://registry.npmjs.org/@babel/helper-split-export-declaration/-/helper-split-export-declaration-7.11.0.tgz",
      "integrity": "sha512-74Vejvp6mHkGE+m+k5vHY93FX2cAtrw1zXrZXRlG4l410Nm9PxfEiVTn1PjDPV5SnmieiueY4AFg2xqhNFuuZg==",
      "requires": {
        "@babel/types": "^7.11.0"
      }
    },
    "@babel/helper-validator-identifier": {
      "version": "7.10.4",
      "resolved": "https://registry.npmjs.org/@babel/helper-validator-identifier/-/helper-validator-identifier-7.10.4.tgz",
      "integrity": "sha512-3U9y+43hz7ZM+rzG24Qe2mufW5KhvFg/NhnNph+i9mgCtdTCtMJuI1TMkrIUiK7Ix4PYlRF9I5dhqaLYA/ADXw=="
    },
    "@babel/highlight": {
      "version": "7.10.4",
      "resolved": "https://registry.npmjs.org/@babel/highlight/-/highlight-7.10.4.tgz",
      "integrity": "sha512-i6rgnR/YgPEQzZZnbTHHuZdlE8qyoBNalD6F+q4vAFlcMEcqmkoG+mPqJYJCo63qPf74+Y1UZsl3l6f7/RIkmA==",
      "requires": {
        "@babel/helper-validator-identifier": "^7.10.4",
        "chalk": "^2.0.0",
        "js-tokens": "^4.0.0"
      }
    },
    "@babel/parser": {
      "version": "7.11.0",
      "resolved": "https://registry.npmjs.org/@babel/parser/-/parser-7.11.0.tgz",
      "integrity": "sha512-qvRvi4oI8xii8NllyEc4MDJjuZiNaRzyb7Y7lup1NqJV8TZHF4O27CcP+72WPn/k1zkgJ6WJfnIbk4jTsVAZHw=="
    },
    "@babel/template": {
      "version": "7.10.4",
      "resolved": "https://registry.npmjs.org/@babel/template/-/template-7.10.4.tgz",
      "integrity": "sha512-ZCjD27cGJFUB6nmCB1Enki3r+L5kJveX9pq1SvAUKoICy6CZ9yD8xO086YXdYhvNjBdnekm4ZnaP5yC8Cs/1tA==",
      "requires": {
        "@babel/code-frame": "^7.10.4",
        "@babel/parser": "^7.10.4",
        "@babel/types": "^7.10.4"
      }
    },
    "@babel/traverse": {
      "version": "7.11.0",
      "resolved": "https://registry.npmjs.org/@babel/traverse/-/traverse-7.11.0.tgz",
      "integrity": "sha512-ZB2V+LskoWKNpMq6E5UUCrjtDUh5IOTAyIl0dTjIEoXum/iKWkoIEKIRDnUucO6f+2FzNkE0oD4RLKoPIufDtg==",
      "requires": {
        "@babel/code-frame": "^7.10.4",
        "@babel/generator": "^7.11.0",
        "@babel/helper-function-name": "^7.10.4",
        "@babel/helper-split-export-declaration": "^7.11.0",
        "@babel/parser": "^7.11.0",
        "@babel/types": "^7.11.0",
        "debug": "^4.1.0",
        "globals": "^11.1.0",
        "lodash": "^4.17.19"
      }
    },
    "@babel/types": {
      "version": "7.11.0",
      "resolved": "https://registry.npmjs.org/@babel/types/-/types-7.11.0.tgz",
      "integrity": "sha512-O53yME4ZZI0jO1EVGtF1ePGl0LHirG4P1ibcD80XyzZcKhcMFeCXmh4Xb1ifGBIV233Qg12x4rBfQgA+tmOukA==",
      "requires": {
        "@babel/helper-validator-identifier": "^7.10.4",
        "lodash": "^4.17.19",
        "to-fast-properties": "^2.0.0"
      }
    },
    "@emotion/is-prop-valid": {
      "version": "0.8.8",
      "resolved": "https://registry.npmjs.org/@emotion/is-prop-valid/-/is-prop-valid-0.8.8.tgz",
      "integrity": "sha512-u5WtneEAr5IDG2Wv65yhunPSMLIpuKsbuOktRojfrEiEvRyC85LgPMZI63cr7NUqT8ZIGdSVg8ZKGxIug4lXcA==",
      "requires": {
        "@emotion/memoize": "0.7.4"
      }
    },
    "@emotion/memoize": {
      "version": "0.7.4",
      "resolved": "https://registry.npmjs.org/@emotion/memoize/-/memoize-0.7.4.tgz",
      "integrity": "sha512-Ja/Vfqe3HpuzRsG1oBtWTHk2PGZ7GR+2Vz5iYGelAw8dx32K0y7PjVuxK6z1nMpZOqAFsRUPCkK1YjJ56qJlgw=="
    },
    "@emotion/stylis": {
      "version": "0.8.5",
      "resolved": "https://registry.npmjs.org/@emotion/stylis/-/stylis-0.8.5.tgz",
      "integrity": "sha512-h6KtPihKFn3T9fuIrwvXXUOwlx3rfUvfZIcP5a6rh8Y7zjE3O06hT5Ss4S/YI1AYhuZ1kjaE/5EaOOI2NqSylQ=="
    },
    "@emotion/unitless": {
      "version": "0.7.5",
      "resolved": "https://registry.npmjs.org/@emotion/unitless/-/unitless-0.7.5.tgz",
      "integrity": "sha512-OWORNpfjMsSSUBVrRBVGECkhWcULOAJz9ZW8uK9qgxD+87M7jHRcvh/A96XXNhXTLmKcoYSQtBEX7lHMO7YRwg=="
    },
    "@styled-system/background": {
      "version": "5.0.18",
      "resolved": "https://registry.npmjs.org/@styled-system/background/-/background-5.0.18.tgz",
      "integrity": "sha512-NtbQxxosMn4NIHKhmifz0GKAekIklrO3ZIfKwzmUKgq6w+ePx6VYiy1zH6s3SNbb01WXhncHZfB9SE+Xnp954A==",
      "requires": {
        "@styled-system/core": "^5.0.18"
      }
    },
    "@styled-system/border": {
      "version": "5.0.18",
      "resolved": "https://registry.npmjs.org/@styled-system/border/-/border-5.0.18.tgz",
      "integrity": "sha512-he4+ERq9yjvCvrDFkAlpHJ5gVTjq3zx02queFMqCbkFvKrsOOFh3lfsJp+zFYRs3qQMadhDL9CNNyLTj/LufrQ==",
      "requires": {
        "@styled-system/core": "^5.0.18"
      }
    },
    "@styled-system/color": {
      "version": "5.0.18",
      "resolved": "https://registry.npmjs.org/@styled-system/color/-/color-5.0.18.tgz",
      "integrity": "sha512-34xIp5HD6pulf3OSD8oM+T+qltTt17HsL2fF2QcgZtKverGv8Nys8F2e0Hzmk17G+L3xpUeeZy6wjiit+Oz0SA==",
      "requires": {
        "@styled-system/core": "^5.0.18"
      }
    },
    "@styled-system/core": {
      "version": "5.0.18",
      "resolved": "https://registry.npmjs.org/@styled-system/core/-/core-5.0.18.tgz",
      "integrity": "sha512-vqDZ083t2tekP3+DJga9YbG3NFYKcVk7rYrGrY39GJSIP0c+HROYbHQhHMPUaHvKE2wgiBrQGLrH1tT97rlgJw==",
      "requires": {
        "object-assign": "^4.1.1"
      }
    },
    "@styled-system/flexbox": {
      "version": "5.0.18",
      "resolved": "https://registry.npmjs.org/@styled-system/flexbox/-/flexbox-5.0.18.tgz",
      "integrity": "sha512-/jF7UvAKDn4YfNYnSvCQkGTzGsTmzn0Vq5Iwc6MzVe9euTEHFAuKeMTxA5QkALHO0eMw+dzOhn+ZNwW9S7vjIg==",
      "requires": {
        "@styled-system/core": "^5.0.18"
      }
    },
    "@styled-system/grid": {
      "version": "5.0.18",
      "resolved": "https://registry.npmjs.org/@styled-system/grid/-/grid-5.0.18.tgz",
      "integrity": "sha512-prWWviXdfkvqDS78tobJ73mbxAjV6viPPtMR0v1twlYZwIC7IBzyR8ldDrN0tFuGoJE4jAcb0EIANjzBjCMg5A==",
      "requires": {
        "@styled-system/core": "^5.0.18"
      }
    },
    "@styled-system/layout": {
      "version": "5.0.18",
      "resolved": "https://registry.npmjs.org/@styled-system/layout/-/layout-5.0.18.tgz",
      "integrity": "sha512-r6HSVD8e6/gHVmuG32mqYnZfAjwY/7XZnEQku03yvFxficcZO3mEOOyXQmYe297Zcr1Y6K9mVrLk3aCeXpG2tg==",
      "requires": {
        "@styled-system/core": "^5.0.18"
      }
    },
    "@styled-system/position": {
      "version": "5.0.18",
      "resolved": "https://registry.npmjs.org/@styled-system/position/-/position-5.0.18.tgz",
      "integrity": "sha512-5TD8vgZsi6FBWqiRj+q+qVpAgQTy+DG7SNDJY3YOZCA6zvqoiWFzGoiX5SUR9PLA+FX9DIvcvRzcmnWC1+URZA==",
      "requires": {
        "@styled-system/core": "^5.0.18"
      }
    },
    "@styled-system/shadow": {
      "version": "5.0.18",
      "resolved": "https://registry.npmjs.org/@styled-system/shadow/-/shadow-5.0.18.tgz",
      "integrity": "sha512-ITc9NezoBZCC4dFjAZuDrDqvYHoAULK5vZVyMbnIJMaUH0Rkz/qiXY+UuGHDilR4ITmily2oZ9rSwc2AmYNiFw==",
      "requires": {
        "@styled-system/core": "^5.0.18"
      }
    },
    "@styled-system/space": {
      "version": "5.0.18",
      "resolved": "https://registry.npmjs.org/@styled-system/space/-/space-5.0.18.tgz",
      "integrity": "sha512-NNs9Ocph8Inp5QSeEEKOZKjg34VfqPfjRq6C7bBY2XidAYhH+f4k8elMT0YTA0uGNGqC5kmbkuYbyy5NNwvwFA==",
      "requires": {
        "@styled-system/core": "^5.0.18"
      }
    },
    "@styled-system/typography": {
      "version": "5.0.18",
      "resolved": "https://registry.npmjs.org/@styled-system/typography/-/typography-5.0.18.tgz",
      "integrity": "sha512-qVwOIYvQxC78qoli5DGmqCmBnyb+Y/QYBl8zyHs+RAq2B9gdzvArAFiXs+IYJpRtPtwBhXwvQ/+V/zIJqkviOA==",
      "requires": {
        "@styled-system/core": "^5.0.18"
      }
    },
    "@styled-system/variant": {
      "version": "5.0.18",
      "resolved": "https://registry.npmjs.org/@styled-system/variant/-/variant-5.0.18.tgz",
      "integrity": "sha512-6UgV0u2RfTR3AON0PeNgcKMc9AutBmnfIrn9z1CmMU3fR4nE6LB4OJ5m0+cSK6SuIEI7NvaFjx05w44nIjx9+Q==",
      "requires": {
        "@styled-system/core": "^5.0.18"
      }
    },
    "ansi-styles": {
      "version": "3.2.1",
      "resolved": "https://registry.npmjs.org/ansi-styles/-/ansi-styles-3.2.1.tgz",
      "integrity": "sha512-VT0ZI6kZRdTh8YyJw3SMbYm/u+NqfsAxEpWO0Pf9sq8/e94WxxOpPKx9FR1FlyCtOVDNOQ+8ntlqFxiRc+r5qA==",
      "requires": {
        "color-convert": "^1.9.0"
      }
    },
    "babel-plugin-styled-components": {
      "version": "1.11.1",
      "resolved": "https://registry.npmjs.org/babel-plugin-styled-components/-/babel-plugin-styled-components-1.11.1.tgz",
      "integrity": "sha512-YwrInHyKUk1PU3avIRdiLyCpM++18Rs1NgyMXEAQC33rIXs/vro0A+stf4sT0Gf22Got+xRWB8Cm0tw+qkRzBA==",
      "requires": {
        "@babel/helper-annotate-as-pure": "^7.0.0",
        "@babel/helper-module-imports": "^7.0.0",
        "babel-plugin-syntax-jsx": "^6.18.0",
        "lodash": "^4.17.11"
      }
    },
    "babel-plugin-syntax-jsx": {
      "version": "6.18.0",
      "resolved": "https://registry.npmjs.org/babel-plugin-syntax-jsx/-/babel-plugin-syntax-jsx-6.18.0.tgz",
      "integrity": "sha1-CvMqmm4Tyno/1QaeYtew9Y0NiUY="
    },
    "camelize": {
      "version": "1.0.0",
      "resolved": "https://registry.npmjs.org/camelize/-/camelize-1.0.0.tgz",
      "integrity": "sha1-FkpUg+Yw+kMh5a8HAg5TGDGyYJs="
    },
    "chalk": {
      "version": "2.4.2",
      "resolved": "https://registry.npmjs.org/chalk/-/chalk-2.4.2.tgz",
      "integrity": "sha512-Mti+f9lpJNcwF4tWV8/OrTTtF1gZi+f8FqlyAdouralcFWFQWF2+NgCHShjkCb+IFBLq9buZwE1xckQU4peSuQ==",
      "requires": {
        "ansi-styles": "^3.2.1",
        "escape-string-regexp": "^1.0.5",
        "supports-color": "^5.3.0"
      }
    },
    "color-convert": {
      "version": "1.9.3",
      "resolved": "https://registry.npmjs.org/color-convert/-/color-convert-1.9.3.tgz",
      "integrity": "sha512-QfAUtd+vFdAtFQcC8CCyYt1fYWxSqAiK2cSD6zDB8N3cpsEBAvRxp9zOGg6G/SHHJYAT88/az/IuDGALsNVbGg==",
      "requires": {
        "color-name": "1.1.3"
      }
    },
    "color-name": {
      "version": "1.1.3",
      "resolved": "https://registry.npmjs.org/color-name/-/color-name-1.1.3.tgz",
      "integrity": "sha1-p9BVi9icQveV3UIyj3QIMcpTvCU="
    },
    "css-color-keywords": {
      "version": "1.0.0",
      "resolved": "https://registry.npmjs.org/css-color-keywords/-/css-color-keywords-1.0.0.tgz",
      "integrity": "sha1-/qJhbcZ2spYmhrOvjb2+GAskTgU="
    },
    "css-to-react-native": {
      "version": "3.0.0",
      "resolved": "https://registry.npmjs.org/css-to-react-native/-/css-to-react-native-3.0.0.tgz",
      "integrity": "sha512-Ro1yETZA813eoyUp2GDBhG2j+YggidUmzO1/v9eYBKR2EHVEniE2MI/NqpTQ954BMpTPZFsGNPm46qFB9dpaPQ==",
      "requires": {
        "camelize": "^1.0.0",
        "css-color-keywords": "^1.0.0",
        "postcss-value-parser": "^4.0.2"
      }
    },
    "debug": {
      "version": "4.1.1",
      "resolved": "https://registry.npmjs.org/debug/-/debug-4.1.1.tgz",
      "integrity": "sha512-pYAIzeRo8J6KPEaJ0VWOh5Pzkbw/RetuzehGM7QRRX5he4fPHx2rdKMB256ehJCkX+XRQm16eZLqLNS8RSZXZw==",
      "requires": {
        "ms": "^2.1.1"
      }
    },
    "escape-string-regexp": {
      "version": "1.0.5",
      "resolved": "https://registry.npmjs.org/escape-string-regexp/-/escape-string-regexp-1.0.5.tgz",
      "integrity": "sha1-G2HAViGQqN/2rjuyzwIAyhMLhtQ="
    },
    "globals": {
      "version": "11.12.0",
      "resolved": "https://registry.npmjs.org/globals/-/globals-11.12.0.tgz",
      "integrity": "sha512-WOBp/EEGUiIsJSp7wcv/y6MO+lV9UoncWqxuFfm8eBwzWNgyfBd6Gz+IeKQ9jCmyhoH99g15M3T+QaVHFjizVA=="
    },
    "has-flag": {
      "version": "3.0.0",
      "resolved": "https://registry.npmjs.org/has-flag/-/has-flag-3.0.0.tgz",
      "integrity": "sha1-tdRU3CGZriJWmfNGfloH87lVuv0="
    },
    "hoist-non-react-statics": {
      "version": "3.3.2",
      "resolved": "https://registry.npmjs.org/hoist-non-react-statics/-/hoist-non-react-statics-3.3.2.tgz",
      "integrity": "sha512-/gGivxi8JPKWNm/W0jSmzcMPpfpPLc3dY/6GxhX2hQ9iGj3aDfklV4ET7NjKpSinLpJ5vafa9iiGIEZg10SfBw==",
      "requires": {
        "react-is": "^16.7.0"
      }
    },
    "js-tokens": {
      "version": "4.0.0",
      "resolved": "https://registry.npmjs.org/js-tokens/-/js-tokens-4.0.0.tgz",
      "integrity": "sha512-RdJUflcE3cUzKiMqQgsCu06FPu9UdIJO0beYbPhHN4k6apgJtifcoCtT9bcxOpYBtpD2kCM6Sbzg4CausW/PKQ=="
    },
    "jsesc": {
      "version": "2.5.2",
      "resolved": "https://registry.npmjs.org/jsesc/-/jsesc-2.5.2.tgz",
      "integrity": "sha512-OYu7XEzjkCQ3C5Ps3QIZsQfNpqoJyZZA99wd9aWd05NCtC5pWOkShK2mkL6HXQR6/Cy2lbNdPlZBpuQHXE63gA=="
    },
    "lodash": {
      "version": "4.17.19",
      "resolved": "https://registry.npmjs.org/lodash/-/lodash-4.17.19.tgz",
      "integrity": "sha512-JNvd8XER9GQX0v2qJgsaN/mzFCNA5BRe/j8JN9d+tWyGLSodKQHKFicdwNYzWwI3wjRnaKPsGj1XkBjx/F96DQ=="
    },
    "loose-envify": {
      "version": "1.4.0",
      "resolved": "https://registry.npmjs.org/loose-envify/-/loose-envify-1.4.0.tgz",
      "integrity": "sha512-lyuxPGr/Wfhrlem2CL/UcnUc1zcqKAImBDzukY7Y5F/yQiNdko6+fRLevlw1HgMySw7f611UIY408EtxRSoK3Q==",
      "requires": {
        "js-tokens": "^3.0.0 || ^4.0.0"
      }
    },
    "ms": {
      "version": "2.1.2",
      "resolved": "https://registry.npmjs.org/ms/-/ms-2.1.2.tgz",
      "integrity": "sha512-sGkPx+VjMtmA6MX27oA4FBFELFCZZ4S4XqeGOXCv68tT+jb3vk/RyaKWP0PTKyWtmLSM0b+adUTEvbs1PEaH2w=="
    },
    "object-assign": {
      "version": "4.1.1",
      "resolved": "https://registry.npmjs.org/object-assign/-/object-assign-4.1.1.tgz",
      "integrity": "sha1-IQmtx5ZYh8/AXLvUQsrIv7s2CGM="
    },
    "postcss-value-parser": {
      "version": "4.1.0",
      "resolved": "https://registry.npmjs.org/postcss-value-parser/-/postcss-value-parser-4.1.0.tgz",
      "integrity": "sha512-97DXOFbQJhk71ne5/Mt6cOu6yxsSfM0QGQyl0L25Gca4yGWEGJaig7l7gbCX623VqTBNGLRLaVUCnNkcedlRSQ=="
    },
    "prop-types": {
      "version": "15.7.2",
      "resolved": "https://registry.npmjs.org/prop-types/-/prop-types-15.7.2.tgz",
      "integrity": "sha512-8QQikdH7//R2vurIJSutZ1smHYTcLpRWEOlHnzcWHmBYrOGUysKwSsrC89BCiFj3CbrfJ/nXFdJepOVrY1GCHQ==",
      "requires": {
        "loose-envify": "^1.4.0",
        "object-assign": "^4.1.1",
        "react-is": "^16.8.1"
      }
    },
    "react": {
      "version": "16.8.5",
      "resolved": "https://registry.npmjs.org/react/-/react-16.8.5.tgz",
      "integrity": "sha512-daCb9TD6FZGvJ3sg8da1tRAtIuw29PbKZW++NN4wqkbEvxL+bZpaaYb4xuftW/SpXmgacf1skXl/ddX6CdOlDw==",
      "requires": {
        "loose-envify": "^1.1.0",
        "object-assign": "^4.1.1",
        "prop-types": "^15.6.2",
        "scheduler": "^0.13.5"
      }
    },
    "react-dom": {
      "version": "16.8.5",
      "resolved": "https://registry.npmjs.org/react-dom/-/react-dom-16.8.5.tgz",
      "integrity": "sha512-VIEIvZLpFafsfu4kgmftP5L8j7P1f0YThfVTrANMhZUFMDOsA6e0kfR6wxw/8xxKs4NB59TZYbxNdPCDW34x4w==",
      "requires": {
        "loose-envify": "^1.1.0",
        "object-assign": "^4.1.1",
        "prop-types": "^15.6.2",
        "scheduler": "^0.13.5"
      }
    },
    "react-is": {
      "version": "16.8.5",
      "resolved": "https://registry.npmjs.org/react-is/-/react-is-16.8.5.tgz",
      "integrity": "sha512-sudt2uq5P/2TznPV4Wtdi+Lnq3yaYW8LfvPKLM9BKD8jJNBkxMVyB0C9/GmVhLw7Jbdmndk/73n7XQGeN9A3QQ=="
    },
    "scheduler": {
      "version": "0.13.5",
      "resolved": "https://registry.npmjs.org/scheduler/-/scheduler-0.13.5.tgz",
      "integrity": "sha512-K98vjkQX9OIt/riLhp6F+XtDPtMQhqNcf045vsh+pcuvHq+PHy1xCrH3pq1P40m6yR46lpVvVhKdEOtnimuUJw==",
      "requires": {
        "loose-envify": "^1.1.0",
        "object-assign": "^4.1.1"
      }
    },
    "shallowequal": {
      "version": "1.1.0",
      "resolved": "https://registry.npmjs.org/shallowequal/-/shallowequal-1.1.0.tgz",
      "integrity": "sha512-y0m1JoUZSlPAjXVtPPW70aZWfIL/dSP7AFkRnniLCrK/8MDKog3TySTBmckD+RObVxH0v4Tox67+F14PdED2oQ=="
    },
    "source-map": {
      "version": "0.5.7",
      "resolved": "https://registry.npmjs.org/source-map/-/source-map-0.5.7.tgz",
      "integrity": "sha1-igOdLRAh0i0eoUyA2OpGi6LvP8w="
    },
    "styled-components": {
      "version": "5.1.1",
      "resolved": "https://registry.npmjs.org/styled-components/-/styled-components-5.1.1.tgz",
      "integrity": "sha512-1ps8ZAYu2Husx+Vz8D+MvXwEwvMwFv+hqqUwhNlDN5ybg6A+3xyW1ECrAgywhvXapNfXiz79jJyU0x22z0FFTg==",
      "requires": {
        "@babel/helper-module-imports": "^7.0.0",
        "@babel/traverse": "^7.4.5",
        "@emotion/is-prop-valid": "^0.8.8",
        "@emotion/stylis": "^0.8.4",
        "@emotion/unitless": "^0.7.4",
        "babel-plugin-styled-components": ">= 1",
        "css-to-react-native": "^3.0.0",
        "hoist-non-react-statics": "^3.0.0",
        "shallowequal": "^1.1.0",
        "supports-color": "^5.5.0"
      }
    },
    "styled-system": {
      "version": "5.0.18",
      "resolved": "https://registry.npmjs.org/styled-system/-/styled-system-5.0.18.tgz",
      "integrity": "sha512-hOQu0/rPXktT12rjimQnWcvMm+xWVmTWvKMTMNkM4FQcXdS9NwlGXM5hu4LOWpIFhuqM+S6UDqqhy6IjPF5BlQ==",
      "requires": {
        "@styled-system/background": "^5.0.18",
        "@styled-system/border": "^5.0.18",
        "@styled-system/color": "^5.0.18",
        "@styled-system/core": "^5.0.18",
        "@styled-system/flexbox": "^5.0.18",
        "@styled-system/grid": "^5.0.18",
        "@styled-system/layout": "^5.0.18",
        "@styled-system/position": "^5.0.18",
        "@styled-system/shadow": "^5.0.18",
        "@styled-system/space": "^5.0.18",
        "@styled-system/typography": "^5.0.18",
        "@styled-system/variant": "^5.0.18",
        "object-assign": "^4.1.1"
      }
    },
    "supports-color": {
      "version": "5.5.0",
      "resolved": "https://registry.npmjs.org/supports-color/-/supports-color-5.5.0.tgz",
      "integrity": "sha512-QjVjwdXIt408MIiAqCX4oUKsgU2EqAGzs2Ppkm4aQYbjm+ZEWEcW4SfFNTr4uMNZma0ey4f5lgLrkB0aX0QMow==",
      "requires": {
        "has-flag": "^3.0.0"
      }
    },
    "to-fast-properties": {
      "version": "2.0.0",
      "resolved": "https://registry.npmjs.org/to-fast-properties/-/to-fast-properties-2.0.0.tgz",
      "integrity": "sha1-3F5pjL0HkmW8c+A3doGk5Og/YW4="
    }
  }
}
